{
  "version": 4,
  "terraform_version": "1.2.6",
  "serial": 62,
  "lineage": "02d6fc11-9619-1daa-e332-d954f7ec5d86",
  "outputs": {},
  "resources": [
    {
      "mode": "managed",
      "type": "azurerm_local_network_gateway",
      "name": "local-gateway",
      "provider": "provider[\"registry.terraform.io/hashicorp/azurerm\"].Prod",
      "instances": [
        {
          "schema_version": 0,
          "attributes": {
            "address_space": [
              "10.0.0.0/24"
            ],
            "bgp_settings": [],
            "gateway_address": "73.115.42.167",
            "gateway_fqdn": "",
            "id": "/subscriptions/6ff1da01-3b3d-4db3-bd6e-b5fc68561c96/resourceGroups/rg-prod-hub-network/providers/Microsoft.Network/localNetworkGateways/vpn-local-gateway",
            "location": "eastus",
            "name": "vpn-local-gateway",
            "resource_group_name": "rg-prod-hub-network",
            "tags": null,
            "timeouts": null
          },
          "sensitive_attributes": [],
          "private": "eyJlMmJmYjczMC1lY2FhLTExZTYtOGY4OC0zNDM2M2JjN2M0YzAiOnsiY3JlYXRlIjoxODAwMDAwMDAwMDAwLCJkZWxldGUiOjE4MDAwMDAwMDAwMDAsInJlYWQiOjMwMDAwMDAwMDAwMCwidXBkYXRlIjoxODAwMDAwMDAwMDAwfX0="
        }
      ]
    },
    {
      "mode": "managed",
      "type": "azurerm_network_interface",
      "name": "nic_dev",
      "provider": "provider[\"registry.terraform.io/hashicorp/azurerm\"].Dev",
      "instances": [
        {
          "schema_version": 0,
          "attributes": {
            "applied_dns_servers": [],
            "dns_servers": [],
            "edge_zone": "",
            "enable_accelerated_networking": false,
            "enable_ip_forwarding": false,
            "id": "/subscriptions/960edb14-5680-4e2d-9dd0-d9572040ae41/resourceGroups/rg-dev-vms/providers/Microsoft.Network/networkInterfaces/vnic-dev-vm",
            "internal_dns_name_label": "",
            "internal_domain_name_suffix": "bmik4uyxineuzdydgbeboolqse.bx.internal.cloudapp.net",
            "ip_configuration": [
              {
                "gateway_load_balancer_frontend_ip_configuration_id": "",
                "name": "internal",
                "primary": true,
                "private_ip_address": "172.17.1.4",
                "private_ip_address_allocation": "Dynamic",
                "private_ip_address_version": "IPv4",
                "public_ip_address_id": "",
                "subnet_id": "/subscriptions/960edb14-5680-4e2d-9dd0-d9572040ae41/resourceGroups/rg-dev-network/providers/Microsoft.Network/virtualNetworks/vnet-dev-spoke-001/subnets/subnet-dev-001"
              }
            ],
            "location": "eastus",
            "mac_address": "",
            "name": "vnic-dev-vm",
            "private_ip_address": "172.17.1.4",
            "private_ip_addresses": [
              "172.17.1.4"
            ],
            "resource_group_name": "rg-dev-vms",
            "tags": {
              "Env": "Dev"
            },
            "timeouts": null,
            "virtual_machine_id": ""
          },
          "sensitive_attributes": [],
          "private": "eyJlMmJmYjczMC1lY2FhLTExZTYtOGY4OC0zNDM2M2JjN2M0YzAiOnsiY3JlYXRlIjoxODAwMDAwMDAwMDAwLCJkZWxldGUiOjE4MDAwMDAwMDAwMDAsInJlYWQiOjMwMDAwMDAwMDAwMCwidXBkYXRlIjoxODAwMDAwMDAwMDAwfX0=",
          "dependencies": [
            "azurerm_resource_group.rg-dev",
            "azurerm_resource_group.rg_dev"
          ]
        }
      ]
    },
    {
      "mode": "managed",
      "type": "azurerm_network_interface",
      "name": "nic_prod",
      "provider": "provider[\"registry.terraform.io/hashicorp/azurerm\"].Prod",
      "instances": [
        {
          "schema_version": 0,
          "attributes": {
            "applied_dns_servers": [],
            "dns_servers": [],
            "edge_zone": "",
            "enable_accelerated_networking": false,
            "enable_ip_forwarding": false,
            "id": "/subscriptions/6ff1da01-3b3d-4db3-bd6e-b5fc68561c96/resourceGroups/rg-prod-vms/providers/Microsoft.Network/networkInterfaces/vnic-prod-vm",
            "internal_dns_name_label": "",
            "internal_domain_name_suffix": "mm3whqce4gouroqei3n45hw2ib.bx.internal.cloudapp.net",
            "ip_configuration": [
              {
                "gateway_load_balancer_frontend_ip_configuration_id": "",
                "name": "internal",
                "primary": true,
                "private_ip_address": "172.16.1.4",
                "private_ip_address_allocation": "Dynamic",
                "private_ip_address_version": "IPv4",
                "public_ip_address_id": "",
                "subnet_id": "/subscriptions/6ff1da01-3b3d-4db3-bd6e-b5fc68561c96/resourceGroups/rg-prod-hub-network/providers/Microsoft.Network/virtualNetworks/vnet-hub/subnets/subnet-hub"
              }
            ],
            "location": "eastus",
            "mac_address": "",
            "name": "vnic-prod-vm",
            "private_ip_address": "172.16.1.4",
            "private_ip_addresses": [
              "172.16.1.4"
            ],
            "resource_group_name": "rg-prod-vms",
            "tags": null,
            "timeouts": null,
            "virtual_machine_id": ""
          },
          "sensitive_attributes": [],
          "private": "eyJlMmJmYjczMC1lY2FhLTExZTYtOGY4OC0zNDM2M2JjN2M0YzAiOnsiY3JlYXRlIjoxODAwMDAwMDAwMDAwLCJkZWxldGUiOjE4MDAwMDAwMDAwMDAsInJlYWQiOjMwMDAwMDAwMDAwMCwidXBkYXRlIjoxODAwMDAwMDAwMDAwfX0=",
          "dependencies": [
            "azurerm_resource_group.rg-hub",
            "azurerm_resource_group.rg_prod"
          ]
        }
      ]
    },
    {
      "mode": "managed",
      "type": "azurerm_network_interface",
      "name": "nic_test",
      "provider": "provider[\"registry.terraform.io/hashicorp/azurerm\"].Test",
      "instances": [
        {
          "schema_version": 0,
          "attributes": {
            "applied_dns_servers": [],
            "dns_servers": [],
            "edge_zone": "",
            "enable_accelerated_networking": false,
            "enable_ip_forwarding": false,
            "id": "/subscriptions/d5564584-9e08-45cc-a2ff-e951ff6688cc/resourceGroups/rg-test-vms/providers/Microsoft.Network/networkInterfaces/vnic-test-vm",
            "internal_dns_name_label": "",
            "internal_domain_name_suffix": "ahxwcbtykxtejlae3flqw14wle.bx.internal.cloudapp.net",
            "ip_configuration": [
              {
                "gateway_load_balancer_frontend_ip_configuration_id": "",
                "name": "internal",
                "primary": true,
                "private_ip_address": "172.18.1.4",
                "private_ip_address_allocation": "Dynamic",
                "private_ip_address_version": "IPv4",
                "public_ip_address_id": "",
                "subnet_id": "/subscriptions/d5564584-9e08-45cc-a2ff-e951ff6688cc/resourceGroups/rg-test-network/providers/Microsoft.Network/virtualNetworks/vnet-test-spoke-001/subnets/subnet-test-001"
              }
            ],
            "location": "eastus",
            "mac_address": "",
            "name": "vnic-test-vm",
            "private_ip_address": "172.18.1.4",
            "private_ip_addresses": [
              "172.18.1.4"
            ],
            "resource_group_name": "rg-test-vms",
            "tags": null,
            "timeouts": null,
            "virtual_machine_id": ""
          },
          "sensitive_attributes": [],
          "private": "eyJlMmJmYjczMC1lY2FhLTExZTYtOGY4OC0zNDM2M2JjN2M0YzAiOnsiY3JlYXRlIjoxODAwMDAwMDAwMDAwLCJkZWxldGUiOjE4MDAwMDAwMDAwMDAsInJlYWQiOjMwMDAwMDAwMDAwMCwidXBkYXRlIjoxODAwMDAwMDAwMDAwfX0=",
          "dependencies": [
            "azurerm_resource_group.rg-test",
            "azurerm_resource_group.rg_test"
          ]
        }
      ]
    },
    {
      "mode": "managed",
      "type": "azurerm_network_interface",
      "name": "nic_uat",
      "provider": "provider[\"registry.terraform.io/hashicorp/azurerm\"].UAT",
      "instances": [
        {
          "schema_version": 0,
          "attributes": {
            "applied_dns_servers": [],
            "dns_servers": [],
            "edge_zone": "",
            "enable_accelerated_networking": false,
            "enable_ip_forwarding": false,
            "id": "/subscriptions/7d46ecfe-2287-4bce-98af-2e8fdf0dbaa9/resourceGroups/rg-uat-vms/providers/Microsoft.Network/networkInterfaces/vnic-uat-vm",
            "internal_dns_name_label": "",
            "internal_domain_name_suffix": "tef5kapxbree3m2hueg5mgtxae.bx.internal.cloudapp.net",
            "ip_configuration": [
              {
                "gateway_load_balancer_frontend_ip_configuration_id": "",
                "name": "internal",
                "primary": true,
                "private_ip_address": "172.19.1.4",
                "private_ip_address_allocation": "Dynamic",
                "private_ip_address_version": "IPv4",
                "public_ip_address_id": "",
                "subnet_id": "/subscriptions/7d46ecfe-2287-4bce-98af-2e8fdf0dbaa9/resourceGroups/rg-uat-network/providers/Microsoft.Network/virtualNetworks/vnet-uat-spoke-001/subnets/subnet-uat-001"
              }
            ],
            "location": "eastus",
            "mac_address": "00-0D-3A-1B-58-1F",
            "name": "vnic-uat-vm",
            "private_ip_address": "172.19.1.4",
            "private_ip_addresses": [
              "172.19.1.4"
            ],
            "resource_group_name": "rg-uat-vms",
            "tags": {},
            "timeouts": null,
            "virtual_machine_id": "/subscriptions/7d46ecfe-2287-4bce-98af-2e8fdf0dbaa9/resourceGroups/rg-uat-vms/providers/Microsoft.Compute/virtualMachines/vm-uat"
          },
          "sensitive_attributes": [],
          "private": "eyJlMmJmYjczMC1lY2FhLTExZTYtOGY4OC0zNDM2M2JjN2M0YzAiOnsiY3JlYXRlIjoxODAwMDAwMDAwMDAwLCJkZWxldGUiOjE4MDAwMDAwMDAwMDAsInJlYWQiOjMwMDAwMDAwMDAwMCwidXBkYXRlIjoxODAwMDAwMDAwMDAwfX0=",
          "dependencies": [
            "azurerm_resource_group.rg_uat"
          ]
        }
      ]
    },
    {
      "mode": "managed",
      "type": "azurerm_public_ip",
      "name": "pub-ip",
      "provider": "provider[\"registry.terraform.io/hashicorp/azurerm\"].Prod",
      "instances": [
        {
          "schema_version": 0,
          "attributes": {
            "allocation_method": "Dynamic",
            "ddos_protection_mode": "VirtualNetworkInherited",
            "ddos_protection_plan_id": null,
            "domain_name_label": null,
            "edge_zone": "",
            "fqdn": null,
            "id": "/subscriptions/6ff1da01-3b3d-4db3-bd6e-b5fc68561c96/resourceGroups/rg-prod-hub-network/providers/Microsoft.Network/publicIPAddresses/vpn-pub-ip",
            "idle_timeout_in_minutes": 4,
            "ip_address": "",
            "ip_tags": null,
            "ip_version": "IPv4",
            "location": "eastus",
            "name": "vpn-pub-ip",
            "public_ip_prefix_id": null,
            "resource_group_name": "rg-prod-hub-network",
            "reverse_fqdn": null,
            "sku": "Basic",
            "sku_tier": "Regional",
            "tags": null,
            "timeouts": null,
            "zones": null
          },
          "sensitive_attributes": [],
          "private": "eyJlMmJmYjczMC1lY2FhLTExZTYtOGY4OC0zNDM2M2JjN2M0YzAiOnsiY3JlYXRlIjoxODAwMDAwMDAwMDAwLCJkZWxldGUiOjE4MDAwMDAwMDAwMDAsInJlYWQiOjMwMDAwMDAwMDAwMCwidXBkYXRlIjoxODAwMDAwMDAwMDAwfX0="
        }
      ]
    },
    {
      "mode": "managed",
      "type": "azurerm_resource_group",
      "name": "rg-dev",
      "provider": "provider[\"registry.terraform.io/hashicorp/azurerm\"].Dev",
      "instances": [
        {
          "schema_version": 0,
          "attributes": {
            "id": "/subscriptions/960edb14-5680-4e2d-9dd0-d9572040ae41/resourceGroups/rg-dev-network",
            "location": "eastus",
            "managed_by": "",
            "name": "rg-dev-network",
            "tags": {},
            "timeouts": null
          },
          "sensitive_attributes": [],
          "private": "eyJlMmJmYjczMC1lY2FhLTExZTYtOGY4OC0zNDM2M2JjN2M0YzAiOnsiY3JlYXRlIjo1NDAwMDAwMDAwMDAwLCJkZWxldGUiOjU0MDAwMDAwMDAwMDAsInJlYWQiOjMwMDAwMDAwMDAwMCwidXBkYXRlIjo1NDAwMDAwMDAwMDAwfX0="
        }
      ]
    },
    {
      "mode": "managed",
      "type": "azurerm_resource_group",
      "name": "rg-hub",
      "provider": "provider[\"registry.terraform.io/hashicorp/azurerm\"].Prod",
      "instances": [
        {
          "schema_version": 0,
          "attributes": {
            "id": "/subscriptions/6ff1da01-3b3d-4db3-bd6e-b5fc68561c96/resourceGroups/rg-prod-hub-network",
            "location": "eastus",
            "managed_by": "",
            "name": "rg-prod-hub-network",
            "tags": {},
            "timeouts": null
          },
          "sensitive_attributes": [],
          "private": "eyJlMmJmYjczMC1lY2FhLTExZTYtOGY4OC0zNDM2M2JjN2M0YzAiOnsiY3JlYXRlIjo1NDAwMDAwMDAwMDAwLCJkZWxldGUiOjU0MDAwMDAwMDAwMDAsInJlYWQiOjMwMDAwMDAwMDAwMCwidXBkYXRlIjo1NDAwMDAwMDAwMDAwfX0="
        }
      ]
    },
    {
      "mode": "managed",
      "type": "azurerm_resource_group",
      "name": "rg-test",
      "provider": "provider[\"registry.terraform.io/hashicorp/azurerm\"].Test",
      "instances": [
        {
          "schema_version": 0,
          "attributes": {
            "id": "/subscriptions/d5564584-9e08-45cc-a2ff-e951ff6688cc/resourceGroups/rg-test-network",
            "location": "eastus",
            "managed_by": "",
            "name": "rg-test-network",
            "tags": {},
            "timeouts": null
          },
          "sensitive_attributes": [],
          "private": "eyJlMmJmYjczMC1lY2FhLTExZTYtOGY4OC0zNDM2M2JjN2M0YzAiOnsiY3JlYXRlIjo1NDAwMDAwMDAwMDAwLCJkZWxldGUiOjU0MDAwMDAwMDAwMDAsInJlYWQiOjMwMDAwMDAwMDAwMCwidXBkYXRlIjo1NDAwMDAwMDAwMDAwfX0="
        }
      ]
    },
    {
      "mode": "managed",
      "type": "azurerm_resource_group",
      "name": "rg-uat",
      "provider": "provider[\"registry.terraform.io/hashicorp/azurerm\"].UAT",
      "instances": [
        {
          "schema_version": 0,
          "attributes": {
            "id": "/subscriptions/7d46ecfe-2287-4bce-98af-2e8fdf0dbaa9/resourceGroups/rg-uat-network",
            "location": "eastus",
            "managed_by": "",
            "name": "rg-uat-network",
            "tags": {},
            "timeouts": null
          },
          "sensitive_attributes": [],
          "private": "eyJlMmJmYjczMC1lY2FhLTExZTYtOGY4OC0zNDM2M2JjN2M0YzAiOnsiY3JlYXRlIjo1NDAwMDAwMDAwMDAwLCJkZWxldGUiOjU0MDAwMDAwMDAwMDAsInJlYWQiOjMwMDAwMDAwMDAwMCwidXBkYXRlIjo1NDAwMDAwMDAwMDAwfX0="
        }
      ]
    },
    {
      "mode": "managed",
      "type": "azurerm_resource_group",
      "name": "rg_dev",
      "provider": "provider[\"registry.terraform.io/hashicorp/azurerm\"].Dev",
      "instances": [
        {
          "schema_version": 0,
          "attributes": {
            "id": "/subscriptions/960edb14-5680-4e2d-9dd0-d9572040ae41/resourceGroups/rg-dev-vms",
            "location": "eastus",
            "managed_by": "",
            "name": "rg-dev-vms",
            "tags": {},
            "timeouts": null
          },
          "sensitive_attributes": [],
          "private": "eyJlMmJmYjczMC1lY2FhLTExZTYtOGY4OC0zNDM2M2JjN2M0YzAiOnsiY3JlYXRlIjo1NDAwMDAwMDAwMDAwLCJkZWxldGUiOjU0MDAwMDAwMDAwMDAsInJlYWQiOjMwMDAwMDAwMDAwMCwidXBkYXRlIjo1NDAwMDAwMDAwMDAwfX0="
        }
      ]
    },
    {
      "mode": "managed",
      "type": "azurerm_resource_group",
      "name": "rg_prod",
      "provider": "provider[\"registry.terraform.io/hashicorp/azurerm\"].Prod",
      "instances": [
        {
          "schema_version": 0,
          "attributes": {
            "id": "/subscriptions/6ff1da01-3b3d-4db3-bd6e-b5fc68561c96/resourceGroups/rg-prod-vms",
            "location": "eastus",
            "managed_by": "",
            "name": "rg-prod-vms",
            "tags": {},
            "timeouts": null
          },
          "sensitive_attributes": [],
          "private": "eyJlMmJmYjczMC1lY2FhLTExZTYtOGY4OC0zNDM2M2JjN2M0YzAiOnsiY3JlYXRlIjo1NDAwMDAwMDAwMDAwLCJkZWxldGUiOjU0MDAwMDAwMDAwMDAsInJlYWQiOjMwMDAwMDAwMDAwMCwidXBkYXRlIjo1NDAwMDAwMDAwMDAwfX0="
        }
      ]
    },
    {
      "mode": "managed",
      "type": "azurerm_resource_group",
      "name": "rg_test",
      "provider": "provider[\"registry.terraform.io/hashicorp/azurerm\"].Test",
      "instances": [
        {
          "schema_version": 0,
          "attributes": {
            "id": "/subscriptions/d5564584-9e08-45cc-a2ff-e951ff6688cc/resourceGroups/rg-test-vms",
            "location": "eastus",
            "managed_by": "",
            "name": "rg-test-vms",
            "tags": {},
            "timeouts": null
          },
          "sensitive_attributes": [],
          "private": "eyJlMmJmYjczMC1lY2FhLTExZTYtOGY4OC0zNDM2M2JjN2M0YzAiOnsiY3JlYXRlIjo1NDAwMDAwMDAwMDAwLCJkZWxldGUiOjU0MDAwMDAwMDAwMDAsInJlYWQiOjMwMDAwMDAwMDAwMCwidXBkYXRlIjo1NDAwMDAwMDAwMDAwfX0="
        }
      ]
    },
    {
      "mode": "managed",
      "type": "azurerm_resource_group",
      "name": "rg_uat",
      "provider": "provider[\"registry.terraform.io/hashicorp/azurerm\"].UAT",
      "instances": [
        {
          "schema_version": 0,
          "attributes": {
            "id": "/subscriptions/7d46ecfe-2287-4bce-98af-2e8fdf0dbaa9/resourceGroups/rg-uat-vms",
            "location": "eastus",
            "managed_by": "",
            "name": "rg-uat-vms",
            "tags": {},
            "timeouts": null
          },
          "sensitive_attributes": [],
          "private": "eyJlMmJmYjczMC1lY2FhLTExZTYtOGY4OC0zNDM2M2JjN2M0YzAiOnsiY3JlYXRlIjo1NDAwMDAwMDAwMDAwLCJkZWxldGUiOjU0MDAwMDAwMDAwMDAsInJlYWQiOjMwMDAwMDAwMDAwMCwidXBkYXRlIjo1NDAwMDAwMDAwMDAwfX0="
        }
      ]
    },
    {
      "mode": "managed",
      "type": "azurerm_subnet",
      "name": "subnet-dev",
      "provider": "provider[\"registry.terraform.io/hashicorp/azurerm\"].Dev",
      "instances": [
        {
          "schema_version": 0,
          "attributes": {
            "address_prefixes": [
              "172.17.1.0/24"
            ],
            "delegation": [],
            "enforce_private_link_endpoint_network_policies": false,
            "enforce_private_link_service_network_policies": false,
            "id": "/subscriptions/960edb14-5680-4e2d-9dd0-d9572040ae41/resourceGroups/rg-dev-network/providers/Microsoft.Network/virtualNetworks/vnet-dev-spoke-001/subnets/subnet-dev-001",
            "name": "subnet-dev-001",
            "private_endpoint_network_policies_enabled": true,
            "private_link_service_network_policies_enabled": true,
            "resource_group_name": "rg-dev-network",
            "service_endpoint_policy_ids": [],
            "service_endpoints": [],
            "timeouts": null,
            "virtual_network_name": "vnet-dev-spoke-001"
          },
          "sensitive_attributes": [],
          "private": "eyJlMmJmYjczMC1lY2FhLTExZTYtOGY4OC0zNDM2M2JjN2M0YzAiOnsiY3JlYXRlIjoxODAwMDAwMDAwMDAwLCJkZWxldGUiOjE4MDAwMDAwMDAwMDAsInJlYWQiOjMwMDAwMDAwMDAwMCwidXBkYXRlIjoxODAwMDAwMDAwMDAwfX0=",
          "dependencies": [
            "azurerm_resource_group.rg-dev",
            "azurerm_virtual_network.spoke1"
          ]
        }
      ]
    },
    {
      "mode": "managed",
      "type": "azurerm_subnet",
      "name": "subnet-test",
      "provider": "provider[\"registry.terraform.io/hashicorp/azurerm\"].Test",
      "instances": [
        {
          "schema_version": 0,
          "attributes": {
            "address_prefixes": [
              "172.18.1.0/24"
            ],
            "delegation": [],
            "enforce_private_link_endpoint_network_policies": false,
            "enforce_private_link_service_network_policies": false,
            "id": "/subscriptions/d5564584-9e08-45cc-a2ff-e951ff6688cc/resourceGroups/rg-test-network/providers/Microsoft.Network/virtualNetworks/vnet-test-spoke-001/subnets/subnet-test-001",
            "name": "subnet-test-001",
            "private_endpoint_network_policies_enabled": true,
            "private_link_service_network_policies_enabled": true,
            "resource_group_name": "rg-test-network",
            "service_endpoint_policy_ids": [],
            "service_endpoints": [],
            "timeouts": null,
            "virtual_network_name": "vnet-test-spoke-001"
          },
          "sensitive_attributes": [],
          "private": "eyJlMmJmYjczMC1lY2FhLTExZTYtOGY4OC0zNDM2M2JjN2M0YzAiOnsiY3JlYXRlIjoxODAwMDAwMDAwMDAwLCJkZWxldGUiOjE4MDAwMDAwMDAwMDAsInJlYWQiOjMwMDAwMDAwMDAwMCwidXBkYXRlIjoxODAwMDAwMDAwMDAwfX0=",
          "dependencies": [
            "azurerm_resource_group.rg-test",
            "azurerm_virtual_network.spoke2"
          ]
        }
      ]
    },
    {
      "mode": "managed",
      "type": "azurerm_subnet",
      "name": "subnet-uat",
      "provider": "provider[\"registry.terraform.io/hashicorp/azurerm\"].UAT",
      "instances": [
        {
          "schema_version": 0,
          "attributes": {
            "address_prefixes": [
              "172.19.1.0/24"
            ],
            "delegation": [],
            "enforce_private_link_endpoint_network_policies": false,
            "enforce_private_link_service_network_policies": false,
            "id": "/subscriptions/7d46ecfe-2287-4bce-98af-2e8fdf0dbaa9/resourceGroups/rg-uat-network/providers/Microsoft.Network/virtualNetworks/vnet-uat-spoke-001/subnets/subnet-uat-001",
            "name": "subnet-uat-001",
            "private_endpoint_network_policies_enabled": true,
            "private_link_service_network_policies_enabled": true,
            "resource_group_name": "rg-uat-network",
            "service_endpoint_policy_ids": [],
            "service_endpoints": [],
            "timeouts": null,
            "virtual_network_name": "vnet-uat-spoke-001"
          },
          "sensitive_attributes": [],
          "private": "eyJlMmJmYjczMC1lY2FhLTExZTYtOGY4OC0zNDM2M2JjN2M0YzAiOnsiY3JlYXRlIjoxODAwMDAwMDAwMDAwLCJkZWxldGUiOjE4MDAwMDAwMDAwMDAsInJlYWQiOjMwMDAwMDAwMDAwMCwidXBkYXRlIjoxODAwMDAwMDAwMDAwfX0=",
          "dependencies": [
            "azurerm_resource_group.rg-uat",
            "azurerm_virtual_network.spoke3"
          ]
        }
      ]
    },
    {
      "mode": "managed",
      "type": "azurerm_subnet",
      "name": "subnet_gateway",
      "provider": "provider[\"registry.terraform.io/hashicorp/azurerm\"].Prod",
      "instances": [
        {
          "schema_version": 0,
          "attributes": {
            "address_prefixes": [
              "172.16.2.0/24"
            ],
            "delegation": [],
            "enforce_private_link_endpoint_network_policies": false,
            "enforce_private_link_service_network_policies": false,
            "id": "/subscriptions/6ff1da01-3b3d-4db3-bd6e-b5fc68561c96/resourceGroups/rg-prod-hub-network/providers/Microsoft.Network/virtualNetworks/vnet-hub/subnets/GatewaySubnet",
            "name": "GatewaySubnet",
            "private_endpoint_network_policies_enabled": true,
            "private_link_service_network_policies_enabled": true,
            "resource_group_name": "rg-prod-hub-network",
            "service_endpoint_policy_ids": null,
            "service_endpoints": null,
            "timeouts": null,
            "virtual_network_name": "vnet-hub"
          },
          "sensitive_attributes": [],
          "private": "eyJlMmJmYjczMC1lY2FhLTExZTYtOGY4OC0zNDM2M2JjN2M0YzAiOnsiY3JlYXRlIjoxODAwMDAwMDAwMDAwLCJkZWxldGUiOjE4MDAwMDAwMDAwMDAsInJlYWQiOjMwMDAwMDAwMDAwMCwidXBkYXRlIjoxODAwMDAwMDAwMDAwfX0=",
          "dependencies": [
            "azurerm_resource_group.rg-hub"
          ]
        }
      ]
    },
    {
      "mode": "managed",
      "type": "azurerm_subnet",
      "name": "subnethub",
      "provider": "provider[\"registry.terraform.io/hashicorp/azurerm\"].Prod",
      "instances": [
        {
          "schema_version": 0,
          "attributes": {
            "address_prefixes": [
              "172.16.1.0/24"
            ],
            "delegation": [],
            "enforce_private_link_endpoint_network_policies": false,
            "enforce_private_link_service_network_policies": false,
            "id": "/subscriptions/6ff1da01-3b3d-4db3-bd6e-b5fc68561c96/resourceGroups/rg-prod-hub-network/providers/Microsoft.Network/virtualNetworks/vnet-hub/subnets/subnet-hub",
            "name": "subnet-hub",
            "private_endpoint_network_policies_enabled": true,
            "private_link_service_network_policies_enabled": true,
            "resource_group_name": "rg-prod-hub-network",
            "service_endpoint_policy_ids": [],
            "service_endpoints": [],
            "timeouts": null,
            "virtual_network_name": "vnet-hub"
          },
          "sensitive_attributes": [],
          "private": "eyJlMmJmYjczMC1lY2FhLTExZTYtOGY4OC0zNDM2M2JjN2M0YzAiOnsiY3JlYXRlIjoxODAwMDAwMDAwMDAwLCJkZWxldGUiOjE4MDAwMDAwMDAwMDAsInJlYWQiOjMwMDAwMDAwMDAwMCwidXBkYXRlIjoxODAwMDAwMDAwMDAwfX0=",
          "dependencies": [
            "azurerm_resource_group.rg-hub",
            "azurerm_virtual_network.vnet-hub"
          ]
        }
      ]
    },
    {
      "mode": "managed",
      "type": "azurerm_virtual_network",
      "name": "spoke1",
      "provider": "provider[\"registry.terraform.io/hashicorp/azurerm\"].Dev",
      "instances": [
        {
          "schema_version": 0,
          "attributes": {
            "address_space": [
              "172.17.0.0/20"
            ],
            "bgp_community": "",
            "ddos_protection_plan": [],
            "dns_servers": [],
            "edge_zone": "",
            "encryption": [],
            "flow_timeout_in_minutes": 0,
            "guid": "53af100b-4317-4c49-8f03-304817397094",
            "id": "/subscriptions/960edb14-5680-4e2d-9dd0-d9572040ae41/resourceGroups/rg-dev-network/providers/Microsoft.Network/virtualNetworks/vnet-dev-spoke-001",
            "location": "eastus",
            "name": "vnet-dev-spoke-001",
            "resource_group_name": "rg-dev-network",
            "subnet": [
              {
                "address_prefix": "172.17.1.0/24",
                "id": "/subscriptions/960edb14-5680-4e2d-9dd0-d9572040ae41/resourceGroups/rg-dev-network/providers/Microsoft.Network/virtualNetworks/vnet-dev-spoke-001/subnets/subnet-dev-001",
                "name": "subnet-dev-001",
                "security_group": ""
              }
            ],
            "tags": {
              "Env": "Dev"
            },
            "timeouts": null
          },
          "sensitive_attributes": [],
          "private": "eyJlMmJmYjczMC1lY2FhLTExZTYtOGY4OC0zNDM2M2JjN2M0YzAiOnsiY3JlYXRlIjoxODAwMDAwMDAwMDAwLCJkZWxldGUiOjE4MDAwMDAwMDAwMDAsInJlYWQiOjMwMDAwMDAwMDAwMCwidXBkYXRlIjoxODAwMDAwMDAwMDAwfX0=",
          "dependencies": [
            "azurerm_resource_group.rg-dev"
          ]
        }
      ]
    },
    {
      "mode": "managed",
      "type": "azurerm_virtual_network",
      "name": "spoke2",
      "provider": "provider[\"registry.terraform.io/hashicorp/azurerm\"].Test",
      "instances": [
        {
          "schema_version": 0,
          "attributes": {
            "address_space": [
              "172.18.0.0/20"
            ],
            "bgp_community": "",
            "ddos_protection_plan": [],
            "dns_servers": [],
            "edge_zone": "",
            "encryption": [],
            "flow_timeout_in_minutes": 0,
            "guid": "0661ef01-5578-44e6-ac04-e9570b6fd65c",
            "id": "/subscriptions/d5564584-9e08-45cc-a2ff-e951ff6688cc/resourceGroups/rg-test-network/providers/Microsoft.Network/virtualNetworks/vnet-test-spoke-001",
            "location": "eastus",
            "name": "vnet-test-spoke-001",
            "resource_group_name": "rg-test-network",
            "subnet": [
              {
                "address_prefix": "172.18.1.0/24",
                "id": "/subscriptions/d5564584-9e08-45cc-a2ff-e951ff6688cc/resourceGroups/rg-test-network/providers/Microsoft.Network/virtualNetworks/vnet-test-spoke-001/subnets/subnet-test-001",
                "name": "subnet-test-001",
                "security_group": ""
              }
            ],
            "tags": {},
            "timeouts": null
          },
          "sensitive_attributes": [],
          "private": "eyJlMmJmYjczMC1lY2FhLTExZTYtOGY4OC0zNDM2M2JjN2M0YzAiOnsiY3JlYXRlIjoxODAwMDAwMDAwMDAwLCJkZWxldGUiOjE4MDAwMDAwMDAwMDAsInJlYWQiOjMwMDAwMDAwMDAwMCwidXBkYXRlIjoxODAwMDAwMDAwMDAwfX0=",
          "dependencies": [
            "azurerm_resource_group.rg-test"
          ]
        }
      ]
    },
    {
      "mode": "managed",
      "type": "azurerm_virtual_network",
      "name": "spoke3",
      "provider": "provider[\"registry.terraform.io/hashicorp/azurerm\"].UAT",
      "instances": [
        {
          "schema_version": 0,
          "attributes": {
            "address_space": [
              "172.19.0.0/20"
            ],
            "bgp_community": "",
            "ddos_protection_plan": [],
            "dns_servers": [],
            "edge_zone": "",
            "encryption": [],
            "flow_timeout_in_minutes": 0,
            "guid": "01f50b99-0cf7-4e48-b387-a10df61a7704",
            "id": "/subscriptions/7d46ecfe-2287-4bce-98af-2e8fdf0dbaa9/resourceGroups/rg-uat-network/providers/Microsoft.Network/virtualNetworks/vnet-uat-spoke-001",
            "location": "eastus",
            "name": "vnet-uat-spoke-001",
            "resource_group_name": "rg-uat-network",
            "subnet": [
              {
                "address_prefix": "172.19.1.0/24",
                "id": "/subscriptions/7d46ecfe-2287-4bce-98af-2e8fdf0dbaa9/resourceGroups/rg-uat-network/providers/Microsoft.Network/virtualNetworks/vnet-uat-spoke-001/subnets/subnet-uat-001",
                "name": "subnet-uat-001",
                "security_group": ""
              }
            ],
            "tags": {},
            "timeouts": null
          },
          "sensitive_attributes": [],
          "private": "eyJlMmJmYjczMC1lY2FhLTExZTYtOGY4OC0zNDM2M2JjN2M0YzAiOnsiY3JlYXRlIjoxODAwMDAwMDAwMDAwLCJkZWxldGUiOjE4MDAwMDAwMDAwMDAsInJlYWQiOjMwMDAwMDAwMDAwMCwidXBkYXRlIjoxODAwMDAwMDAwMDAwfX0=",
          "dependencies": [
            "azurerm_resource_group.rg-uat"
          ]
        }
      ]
    },
    {
      "mode": "managed",
      "type": "azurerm_virtual_network",
      "name": "vnet-hub",
      "provider": "provider[\"registry.terraform.io/hashicorp/azurerm\"].Prod",
      "instances": [
        {
          "schema_version": 0,
          "attributes": {
            "address_space": [
              "172.16.0.0/20"
            ],
            "bgp_community": "",
            "ddos_protection_plan": [],
            "dns_servers": [],
            "edge_zone": "",
            "encryption": [],
            "flow_timeout_in_minutes": 0,
            "guid": "c0633b63-f144-489d-ba04-475bef9edc41",
            "id": "/subscriptions/6ff1da01-3b3d-4db3-bd6e-b5fc68561c96/resourceGroups/rg-prod-hub-network/providers/Microsoft.Network/virtualNetworks/vnet-hub",
            "location": "eastus",
            "name": "vnet-hub",
            "resource_group_name": "rg-prod-hub-network",
            "subnet": [
              {
                "address_prefix": "172.16.1.0/24",
                "id": "/subscriptions/6ff1da01-3b3d-4db3-bd6e-b5fc68561c96/resourceGroups/rg-prod-hub-network/providers/Microsoft.Network/virtualNetworks/vnet-hub/subnets/subnet-hub",
                "name": "subnet-hub",
                "security_group": ""
              }
            ],
            "tags": {},
            "timeouts": null
          },
          "sensitive_attributes": [],
          "private": "eyJlMmJmYjczMC1lY2FhLTExZTYtOGY4OC0zNDM2M2JjN2M0YzAiOnsiY3JlYXRlIjoxODAwMDAwMDAwMDAwLCJkZWxldGUiOjE4MDAwMDAwMDAwMDAsInJlYWQiOjMwMDAwMDAwMDAwMCwidXBkYXRlIjoxODAwMDAwMDAwMDAwfX0=",
          "dependencies": [
            "azurerm_resource_group.rg-hub"
          ]
        }
      ]
    },
    {
      "mode": "managed",
      "type": "azurerm_virtual_network_gateway",
      "name": "vnet-gateway",
      "provider": "provider[\"registry.terraform.io/hashicorp/azurerm\"].Prod",
      "instances": [
        {
          "schema_version": 0,
          "attributes": {
            "active_active": false,
            "bgp_settings": [],
            "custom_route": [],
            "default_local_network_gateway_id": null,
            "edge_zone": "",
            "enable_bgp": false,
            "generation": "Generation1",
            "id": "/subscriptions/6ff1da01-3b3d-4db3-bd6e-b5fc68561c96/resourceGroups/rg-prod-hub-network/providers/Microsoft.Network/virtualNetworkGateways/vpn-gateway",
            "ip_configuration": [
              {
                "name": "vnetGatewayConfig",
                "private_ip_address_allocation": "Dynamic",
                "public_ip_address_id": "/subscriptions/6ff1da01-3b3d-4db3-bd6e-b5fc68561c96/resourceGroups/rg-prod-hub-network/providers/Microsoft.Network/publicIPAddresses/vpn-pub-ip",
                "subnet_id": "/subscriptions/6ff1da01-3b3d-4db3-bd6e-b5fc68561c96/resourceGroups/rg-prod-hub-network/providers/Microsoft.Network/virtualNetworks/vnet-hub/subnets/GatewaySubnet"
              }
            ],
            "location": "eastus",
            "name": "vpn-gateway",
            "private_ip_address_enabled": false,
            "resource_group_name": "rg-prod-hub-network",
            "sku": "Basic",
            "tags": null,
            "timeouts": null,
            "type": "Vpn",
            "vpn_client_configuration": [],
            "vpn_type": "RouteBased"
          },
          "sensitive_attributes": [],
          "private": "eyJlMmJmYjczMC1lY2FhLTExZTYtOGY4OC0zNDM2M2JjN2M0YzAiOnsiY3JlYXRlIjozNjAwMDAwMDAwMDAwLCJkZWxldGUiOjM2MDAwMDAwMDAwMDAsInJlYWQiOjMwMDAwMDAwMDAwMCwidXBkYXRlIjozNjAwMDAwMDAwMDAwfX0=",
          "dependencies": [
            "azurerm_public_ip.pub-ip",
            "azurerm_resource_group.rg-hub",
            "azurerm_subnet.subnet_gateway"
          ]
        }
      ]
    },
    {
      "mode": "managed",
      "type": "azurerm_virtual_network_gateway_connection",
      "name": "gateway-connection",
      "provider": "provider[\"registry.terraform.io/hashicorp/azurerm\"].Prod",
      "instances": [
        {
          "schema_version": 0,
          "attributes": {
            "authorization_key": "",
            "connection_mode": "Default",
            "connection_protocol": "IKEv2",
            "custom_bgp_addresses": [],
            "dpd_timeout_seconds": 0,
            "egress_nat_rule_ids": null,
            "enable_bgp": false,
            "express_route_circuit_id": null,
            "express_route_gateway_bypass": false,
            "id": "/subscriptions/6ff1da01-3b3d-4db3-bd6e-b5fc68561c96/resourceGroups/rg-prod-hub-network/providers/Microsoft.Network/connections/site2site_Pfsense",
            "ingress_nat_rule_ids": null,
            "ipsec_policy": [],
            "local_azure_ip_address_enabled": false,
            "local_network_gateway_id": "/subscriptions/6ff1da01-3b3d-4db3-bd6e-b5fc68561c96/resourceGroups/rg-prod-hub-network/providers/Microsoft.Network/localNetworkGateways/vpn-local-gateway",
            "location": "eastus",
            "name": "site2site_Pfsense",
            "peer_virtual_network_gateway_id": null,
            "resource_group_name": "rg-prod-hub-network",
            "routing_weight": 0,
            "shared_key": "TEjas2023!",
            "tags": null,
            "timeouts": null,
            "traffic_selector_policy": [],
            "type": "IPsec",
            "use_policy_based_traffic_selectors": false,
            "virtual_network_gateway_id": "/subscriptions/6ff1da01-3b3d-4db3-bd6e-b5fc68561c96/resourceGroups/rg-prod-hub-network/providers/Microsoft.Network/virtualNetworkGateways/vpn-gateway"
          },
          "sensitive_attributes": [
            [
              {
                "type": "get_attr",
                "value": "shared_key"
              }
            ]
          ],
          "private": "eyJlMmJmYjczMC1lY2FhLTExZTYtOGY4OC0zNDM2M2JjN2M0YzAiOnsiY3JlYXRlIjoxODAwMDAwMDAwMDAwLCJkZWxldGUiOjE4MDAwMDAwMDAwMDAsInJlYWQiOjMwMDAwMDAwMDAwMCwidXBkYXRlIjoxODAwMDAwMDAwMDAwfX0=",
          "dependencies": [
            "azurerm_local_network_gateway.local-gateway",
            "azurerm_public_ip.pub-ip",
            "azurerm_resource_group.rg-hub",
            "azurerm_subnet.subnet_gateway",
            "azurerm_virtual_network_gateway.vnet-gateway"
          ]
        }
      ]
    },
    {
      "mode": "managed",
      "type": "azurerm_virtual_network_peering",
      "name": "hub_to_spoke1",
      "provider": "provider[\"registry.terraform.io/hashicorp/azurerm\"].Prod",
      "instances": [
        {
          "schema_version": 0,
          "attributes": {
            "allow_forwarded_traffic": true,
            "allow_gateway_transit": false,
            "allow_virtual_network_access": true,
            "id": "/subscriptions/6ff1da01-3b3d-4db3-bd6e-b5fc68561c96/resourceGroups/rg-prod-hub-network/providers/Microsoft.Network/virtualNetworks/vnet-hub/virtualNetworkPeerings/hubToSpoke1",
            "name": "hubToSpoke1",
            "remote_virtual_network_id": "/subscriptions/960edb14-5680-4e2d-9dd0-d9572040ae41/resourceGroups/rg-dev-network/providers/Microsoft.Network/virtualNetworks/vnet-dev-spoke-001",
            "resource_group_name": "rg-prod-hub-network",
            "timeouts": null,
            "triggers": null,
            "use_remote_gateways": false,
            "virtual_network_name": "vnet-hub"
          },
          "sensitive_attributes": [],
          "private": "eyJlMmJmYjczMC1lY2FhLTExZTYtOGY4OC0zNDM2M2JjN2M0YzAiOnsiY3JlYXRlIjoxODAwMDAwMDAwMDAwLCJkZWxldGUiOjE4MDAwMDAwMDAwMDAsInJlYWQiOjMwMDAwMDAwMDAwMCwidXBkYXRlIjoxODAwMDAwMDAwMDAwfX0=",
          "dependencies": [
            "azurerm_resource_group.rg-dev",
            "azurerm_resource_group.rg-hub",
            "azurerm_virtual_network.spoke1",
            "azurerm_virtual_network.vnet-hub"
          ]
        }
      ]
    },
    {
      "mode": "managed",
      "type": "azurerm_virtual_network_peering",
      "name": "hub_to_spoke2",
      "provider": "provider[\"registry.terraform.io/hashicorp/azurerm\"].Prod",
      "instances": [
        {
          "schema_version": 0,
          "attributes": {
            "allow_forwarded_traffic": true,
            "allow_gateway_transit": false,
            "allow_virtual_network_access": true,
            "id": "/subscriptions/6ff1da01-3b3d-4db3-bd6e-b5fc68561c96/resourceGroups/rg-prod-hub-network/providers/Microsoft.Network/virtualNetworks/vnet-hub/virtualNetworkPeerings/hubToSpoke2",
            "name": "hubToSpoke2",
            "remote_virtual_network_id": "/subscriptions/d5564584-9e08-45cc-a2ff-e951ff6688cc/resourceGroups/rg-test-network/providers/Microsoft.Network/virtualNetworks/vnet-test-spoke-001",
            "resource_group_name": "rg-prod-hub-network",
            "timeouts": null,
            "triggers": null,
            "use_remote_gateways": false,
            "virtual_network_name": "vnet-hub"
          },
          "sensitive_attributes": [],
          "private": "eyJlMmJmYjczMC1lY2FhLTExZTYtOGY4OC0zNDM2M2JjN2M0YzAiOnsiY3JlYXRlIjoxODAwMDAwMDAwMDAwLCJkZWxldGUiOjE4MDAwMDAwMDAwMDAsInJlYWQiOjMwMDAwMDAwMDAwMCwidXBkYXRlIjoxODAwMDAwMDAwMDAwfX0=",
          "dependencies": [
            "azurerm_resource_group.rg-hub",
            "azurerm_resource_group.rg-test",
            "azurerm_virtual_network.spoke2",
            "azurerm_virtual_network.vnet-hub"
          ]
        }
      ]
    },
    {
      "mode": "managed",
      "type": "azurerm_virtual_network_peering",
      "name": "hub_to_spoke3",
      "provider": "provider[\"registry.terraform.io/hashicorp/azurerm\"].Prod",
      "instances": [
        {
          "schema_version": 0,
          "attributes": {
            "allow_forwarded_traffic": true,
            "allow_gateway_transit": false,
            "allow_virtual_network_access": true,
            "id": "/subscriptions/6ff1da01-3b3d-4db3-bd6e-b5fc68561c96/resourceGroups/rg-prod-hub-network/providers/Microsoft.Network/virtualNetworks/vnet-hub/virtualNetworkPeerings/hubToSpoke3",
            "name": "hubToSpoke3",
            "remote_virtual_network_id": "/subscriptions/7d46ecfe-2287-4bce-98af-2e8fdf0dbaa9/resourceGroups/rg-uat-network/providers/Microsoft.Network/virtualNetworks/vnet-uat-spoke-001",
            "resource_group_name": "rg-prod-hub-network",
            "timeouts": null,
            "triggers": null,
            "use_remote_gateways": false,
            "virtual_network_name": "vnet-hub"
          },
          "sensitive_attributes": [],
          "private": "eyJlMmJmYjczMC1lY2FhLTExZTYtOGY4OC0zNDM2M2JjN2M0YzAiOnsiY3JlYXRlIjoxODAwMDAwMDAwMDAwLCJkZWxldGUiOjE4MDAwMDAwMDAwMDAsInJlYWQiOjMwMDAwMDAwMDAwMCwidXBkYXRlIjoxODAwMDAwMDAwMDAwfX0=",
          "dependencies": [
            "azurerm_resource_group.rg-hub",
            "azurerm_resource_group.rg-uat",
            "azurerm_virtual_network.spoke3",
            "azurerm_virtual_network.vnet-hub"
          ]
        }
      ]
    },
    {
      "mode": "managed",
      "type": "azurerm_virtual_network_peering",
      "name": "spoke1_to_hub",
      "provider": "provider[\"registry.terraform.io/hashicorp/azurerm\"].Dev",
      "instances": [
        {
          "schema_version": 0,
          "attributes": {
            "allow_forwarded_traffic": true,
            "allow_gateway_transit": false,
            "allow_virtual_network_access": true,
            "id": "/subscriptions/960edb14-5680-4e2d-9dd0-d9572040ae41/resourceGroups/rg-dev-network/providers/Microsoft.Network/virtualNetworks/vnet-dev-spoke-001/virtualNetworkPeerings/spoke1ToHub",
            "name": "spoke1ToHub",
            "remote_virtual_network_id": "/subscriptions/6ff1da01-3b3d-4db3-bd6e-b5fc68561c96/resourceGroups/rg-prod-hub-network/providers/Microsoft.Network/virtualNetworks/vnet-hub",
            "resource_group_name": "rg-dev-network",
            "timeouts": null,
            "triggers": null,
            "use_remote_gateways": false,
            "virtual_network_name": "vnet-dev-spoke-001"
          },
          "sensitive_attributes": [],
          "private": "eyJlMmJmYjczMC1lY2FhLTExZTYtOGY4OC0zNDM2M2JjN2M0YzAiOnsiY3JlYXRlIjoxODAwMDAwMDAwMDAwLCJkZWxldGUiOjE4MDAwMDAwMDAwMDAsInJlYWQiOjMwMDAwMDAwMDAwMCwidXBkYXRlIjoxODAwMDAwMDAwMDAwfX0=",
          "dependencies": [
            "azurerm_resource_group.rg-dev",
            "azurerm_resource_group.rg-hub",
            "azurerm_virtual_network.spoke1",
            "azurerm_virtual_network.vnet-hub"
          ]
        }
      ]
    },
    {
      "mode": "managed",
      "type": "azurerm_virtual_network_peering",
      "name": "spoke2_to_hub",
      "provider": "provider[\"registry.terraform.io/hashicorp/azurerm\"].Test",
      "instances": [
        {
          "schema_version": 0,
          "attributes": {
            "allow_forwarded_traffic": true,
            "allow_gateway_transit": false,
            "allow_virtual_network_access": true,
            "id": "/subscriptions/d5564584-9e08-45cc-a2ff-e951ff6688cc/resourceGroups/rg-test-network/providers/Microsoft.Network/virtualNetworks/vnet-test-spoke-001/virtualNetworkPeerings/spoke2ToHub",
            "name": "spoke2ToHub",
            "remote_virtual_network_id": "/subscriptions/6ff1da01-3b3d-4db3-bd6e-b5fc68561c96/resourceGroups/rg-prod-hub-network/providers/Microsoft.Network/virtualNetworks/vnet-hub",
            "resource_group_name": "rg-test-network",
            "timeouts": null,
            "triggers": null,
            "use_remote_gateways": false,
            "virtual_network_name": "vnet-test-spoke-001"
          },
          "sensitive_attributes": [],
          "private": "eyJlMmJmYjczMC1lY2FhLTExZTYtOGY4OC0zNDM2M2JjN2M0YzAiOnsiY3JlYXRlIjoxODAwMDAwMDAwMDAwLCJkZWxldGUiOjE4MDAwMDAwMDAwMDAsInJlYWQiOjMwMDAwMDAwMDAwMCwidXBkYXRlIjoxODAwMDAwMDAwMDAwfX0=",
          "dependencies": [
            "azurerm_resource_group.rg-hub",
            "azurerm_resource_group.rg-test",
            "azurerm_virtual_network.spoke2",
            "azurerm_virtual_network.vnet-hub"
          ]
        }
      ]
    },
    {
      "mode": "managed",
      "type": "azurerm_virtual_network_peering",
      "name": "spoke3_to_hub",
      "provider": "provider[\"registry.terraform.io/hashicorp/azurerm\"].UAT",
      "instances": [
        {
          "schema_version": 0,
          "attributes": {
            "allow_forwarded_traffic": true,
            "allow_gateway_transit": false,
            "allow_virtual_network_access": true,
            "id": "/subscriptions/7d46ecfe-2287-4bce-98af-2e8fdf0dbaa9/resourceGroups/rg-uat-network/providers/Microsoft.Network/virtualNetworks/vnet-uat-spoke-001/virtualNetworkPeerings/spoke3ToHub",
            "name": "spoke3ToHub",
            "remote_virtual_network_id": "/subscriptions/6ff1da01-3b3d-4db3-bd6e-b5fc68561c96/resourceGroups/rg-prod-hub-network/providers/Microsoft.Network/virtualNetworks/vnet-hub",
            "resource_group_name": "rg-uat-network",
            "timeouts": null,
            "triggers": null,
            "use_remote_gateways": false,
            "virtual_network_name": "vnet-uat-spoke-001"
          },
          "sensitive_attributes": [],
          "private": "eyJlMmJmYjczMC1lY2FhLTExZTYtOGY4OC0zNDM2M2JjN2M0YzAiOnsiY3JlYXRlIjoxODAwMDAwMDAwMDAwLCJkZWxldGUiOjE4MDAwMDAwMDAwMDAsInJlYWQiOjMwMDAwMDAwMDAwMCwidXBkYXRlIjoxODAwMDAwMDAwMDAwfX0=",
          "dependencies": [
            "azurerm_resource_group.rg-hub",
            "azurerm_resource_group.rg-uat",
            "azurerm_virtual_network.spoke3",
            "azurerm_virtual_network.vnet-hub"
          ]
        }
      ]
    },
    {
      "mode": "managed",
      "type": "azurerm_windows_virtual_machine",
      "name": "vm_dev",
      "provider": "provider[\"registry.terraform.io/hashicorp/azurerm\"].Dev",
      "instances": [
        {
          "schema_version": 0,
          "attributes": {
            "additional_capabilities": [],
            "additional_unattend_content": [],
            "admin_password": "Voyage-Cable-Unengaged4",
            "admin_username": "nickroadmin",
            "allow_extension_operations": true,
            "availability_set_id": "",
            "boot_diagnostics": [],
            "bypass_platform_safety_checks_on_user_schedule_enabled": false,
            "capacity_reservation_group_id": "",
            "computer_name": "vm-dev",
            "custom_data": null,
            "dedicated_host_group_id": "",
            "dedicated_host_id": "",
            "edge_zone": "",
            "enable_automatic_updates": true,
            "encryption_at_host_enabled": false,
            "eviction_policy": "",
            "extensions_time_budget": "PT1H30M",
            "gallery_application": [],
            "hotpatching_enabled": false,
            "id": "/subscriptions/960edb14-5680-4e2d-9dd0-d9572040ae41/resourceGroups/rg-dev-vms/providers/Microsoft.Compute/virtualMachines/vm-dev",
            "identity": [],
            "license_type": "",
            "location": "eastus",
            "max_bid_price": -1,
            "name": "vm-dev",
            "network_interface_ids": [
              "/subscriptions/960edb14-5680-4e2d-9dd0-d9572040ae41/resourceGroups/rg-dev-vms/providers/Microsoft.Network/networkInterfaces/vnic-dev-vm"
            ],
            "os_disk": [
              {
                "caching": "ReadWrite",
                "diff_disk_settings": [],
                "disk_encryption_set_id": "",
                "disk_size_gb": 127,
                "name": "vm-dev_OsDisk_1_6a2c0fc591f243c89fbb8a10e840091b",
                "secure_vm_disk_encryption_set_id": "",
                "security_encryption_type": "",
                "storage_account_type": "StandardSSD_LRS",
                "write_accelerator_enabled": false
              }
            ],
            "patch_assessment_mode": "ImageDefault",
            "patch_mode": "AutomaticByOS",
            "plan": [],
            "platform_fault_domain": -1,
            "priority": "Regular",
            "private_ip_address": "172.17.1.4",
            "private_ip_addresses": [
              "172.17.1.4"
            ],
            "provision_vm_agent": true,
            "proximity_placement_group_id": "",
            "public_ip_address": "",
            "public_ip_addresses": [],
            "reboot_setting": "",
            "resource_group_name": "rg-dev-vms",
            "secret": [],
            "secure_boot_enabled": false,
            "size": "Standard_D2s_v3",
            "source_image_id": "",
            "source_image_reference": [
              {
                "offer": "Windows-10",
                "publisher": "MicrosoftWindowsDesktop",
                "sku": "21h1-pro",
                "version": "latest"
              }
            ],
            "tags": {
              "Env": "Dev"
            },
            "termination_notification": null,
            "timeouts": null,
            "timezone": "",
            "user_data": "",
            "virtual_machine_id": "3539b7ed-f9a6-47c0-b7f8-81ad38c6ac62",
            "virtual_machine_scale_set_id": "",
            "vtpm_enabled": false,
            "winrm_listener": [],
            "zone": ""
          },
          "sensitive_attributes": [],
          "private": "eyJlMmJmYjczMC1lY2FhLTExZTYtOGY4OC0zNDM2M2JjN2M0YzAiOnsiY3JlYXRlIjoyNzAwMDAwMDAwMDAwLCJkZWxldGUiOjI3MDAwMDAwMDAwMDAsInJlYWQiOjMwMDAwMDAwMDAwMCwidXBkYXRlIjoyNzAwMDAwMDAwMDAwfX0=",
          "dependencies": [
            "azurerm_network_interface.nic_dev",
            "azurerm_resource_group.rg-dev",
            "azurerm_resource_group.rg_dev"
          ]
        }
      ]
    },
    {
      "mode": "managed",
      "type": "azurerm_windows_virtual_machine",
      "name": "vm_prod",
      "provider": "provider[\"registry.terraform.io/hashicorp/azurerm\"].Prod",
      "instances": [
        {
          "schema_version": 0,
          "attributes": {
            "additional_capabilities": [],
            "additional_unattend_content": [],
            "admin_password": "Voyage-Cable-Unengaged4",
            "admin_username": "nickroadmin",
            "allow_extension_operations": true,
            "availability_set_id": "",
            "boot_diagnostics": [],
            "bypass_platform_safety_checks_on_user_schedule_enabled": false,
            "capacity_reservation_group_id": "",
            "computer_name": "vm-prod",
            "custom_data": null,
            "dedicated_host_group_id": "",
            "dedicated_host_id": "",
            "edge_zone": "",
            "enable_automatic_updates": true,
            "encryption_at_host_enabled": false,
            "eviction_policy": "",
            "extensions_time_budget": "PT1H30M",
            "gallery_application": [],
            "hotpatching_enabled": false,
            "id": "/subscriptions/6ff1da01-3b3d-4db3-bd6e-b5fc68561c96/resourceGroups/rg-prod-vms/providers/Microsoft.Compute/virtualMachines/vm-prod",
            "identity": [],
            "license_type": "",
            "location": "eastus",
            "max_bid_price": -1,
            "name": "vm-prod",
            "network_interface_ids": [
              "/subscriptions/6ff1da01-3b3d-4db3-bd6e-b5fc68561c96/resourceGroups/rg-prod-vms/providers/Microsoft.Network/networkInterfaces/vnic-prod-vm"
            ],
            "os_disk": [
              {
                "caching": "ReadWrite",
                "diff_disk_settings": [],
                "disk_encryption_set_id": "",
                "disk_size_gb": 127,
                "name": "vm-prod_OsDisk_1_3cde91a877864528a4a990c28079e4c1",
                "secure_vm_disk_encryption_set_id": "",
                "security_encryption_type": "",
                "storage_account_type": "StandardSSD_LRS",
                "write_accelerator_enabled": false
              }
            ],
            "patch_assessment_mode": "ImageDefault",
            "patch_mode": "AutomaticByOS",
            "plan": [],
            "platform_fault_domain": -1,
            "priority": "Regular",
            "private_ip_address": "172.16.1.4",
            "private_ip_addresses": [
              "172.16.1.4"
            ],
            "provision_vm_agent": true,
            "proximity_placement_group_id": "",
            "public_ip_address": "",
            "public_ip_addresses": [],
            "reboot_setting": "",
            "resource_group_name": "rg-prod-vms",
            "secret": [],
            "secure_boot_enabled": false,
            "size": "Standard_D2s_v3",
            "source_image_id": "",
            "source_image_reference": [
              {
                "offer": "Windows-10",
                "publisher": "MicrosoftWindowsDesktop",
                "sku": "21h1-pro",
                "version": "latest"
              }
            ],
            "tags": null,
            "termination_notification": null,
            "timeouts": null,
            "timezone": "",
            "user_data": "",
            "virtual_machine_id": "a601116b-4a85-4be2-ae72-e94183941955",
            "virtual_machine_scale_set_id": "",
            "vtpm_enabled": false,
            "winrm_listener": [],
            "zone": ""
          },
          "sensitive_attributes": [],
          "private": "eyJlMmJmYjczMC1lY2FhLTExZTYtOGY4OC0zNDM2M2JjN2M0YzAiOnsiY3JlYXRlIjoyNzAwMDAwMDAwMDAwLCJkZWxldGUiOjI3MDAwMDAwMDAwMDAsInJlYWQiOjMwMDAwMDAwMDAwMCwidXBkYXRlIjoyNzAwMDAwMDAwMDAwfX0=",
          "dependencies": [
            "azurerm_network_interface.nic_prod",
            "azurerm_resource_group.rg-hub",
            "azurerm_resource_group.rg_prod"
          ]
        }
      ]
    },
    {
      "mode": "managed",
      "type": "azurerm_windows_virtual_machine",
      "name": "vm_test",
      "provider": "provider[\"registry.terraform.io/hashicorp/azurerm\"].Test",
      "instances": [
        {
          "schema_version": 0,
          "attributes": {
            "additional_capabilities": [],
            "additional_unattend_content": [],
            "admin_password": "Voyage-Cable-Unengaged4",
            "admin_username": "nickroadmin",
            "allow_extension_operations": true,
            "availability_set_id": "",
            "boot_diagnostics": [],
            "bypass_platform_safety_checks_on_user_schedule_enabled": false,
            "capacity_reservation_group_id": "",
            "computer_name": "vm-test",
            "custom_data": null,
            "dedicated_host_group_id": "",
            "dedicated_host_id": "",
            "edge_zone": "",
            "enable_automatic_updates": true,
            "encryption_at_host_enabled": false,
            "eviction_policy": "",
            "extensions_time_budget": "PT1H30M",
            "gallery_application": [],
            "hotpatching_enabled": false,
            "id": "/subscriptions/d5564584-9e08-45cc-a2ff-e951ff6688cc/resourceGroups/rg-test-vms/providers/Microsoft.Compute/virtualMachines/vm-test",
            "identity": [],
            "license_type": "",
            "location": "eastus",
            "max_bid_price": -1,
            "name": "vm-test",
            "network_interface_ids": [
              "/subscriptions/d5564584-9e08-45cc-a2ff-e951ff6688cc/resourceGroups/rg-test-vms/providers/Microsoft.Network/networkInterfaces/vnic-test-vm"
            ],
            "os_disk": [
              {
                "caching": "ReadWrite",
                "diff_disk_settings": [],
                "disk_encryption_set_id": "",
                "disk_size_gb": 127,
                "name": "vm-test_OsDisk_1_21dc7895823c487186ee8dc099d204a3",
                "secure_vm_disk_encryption_set_id": "",
                "security_encryption_type": "",
                "storage_account_type": "StandardSSD_LRS",
                "write_accelerator_enabled": false
              }
            ],
            "patch_assessment_mode": "ImageDefault",
            "patch_mode": "AutomaticByOS",
            "plan": [],
            "platform_fault_domain": -1,
            "priority": "Regular",
            "private_ip_address": "172.18.1.4",
            "private_ip_addresses": [
              "172.18.1.4"
            ],
            "provision_vm_agent": true,
            "proximity_placement_group_id": "",
            "public_ip_address": "",
            "public_ip_addresses": [],
            "reboot_setting": "",
            "resource_group_name": "rg-test-vms",
            "secret": [],
            "secure_boot_enabled": false,
            "size": "Standard_D2s_v3",
            "source_image_id": "",
            "source_image_reference": [
              {
                "offer": "Windows-10",
                "publisher": "MicrosoftWindowsDesktop",
                "sku": "21h1-pro",
                "version": "latest"
              }
            ],
            "tags": null,
            "termination_notification": null,
            "timeouts": null,
            "timezone": "",
            "user_data": "",
            "virtual_machine_id": "c7c98f58-e8f3-410f-a2d6-bdcd0d75a7a0",
            "virtual_machine_scale_set_id": "",
            "vtpm_enabled": false,
            "winrm_listener": [],
            "zone": ""
          },
          "sensitive_attributes": [],
          "private": "eyJlMmJmYjczMC1lY2FhLTExZTYtOGY4OC0zNDM2M2JjN2M0YzAiOnsiY3JlYXRlIjoyNzAwMDAwMDAwMDAwLCJkZWxldGUiOjI3MDAwMDAwMDAwMDAsInJlYWQiOjMwMDAwMDAwMDAwMCwidXBkYXRlIjoyNzAwMDAwMDAwMDAwfX0=",
          "dependencies": [
            "azurerm_network_interface.nic_test",
            "azurerm_resource_group.rg-test",
            "azurerm_resource_group.rg_test"
          ]
        }
      ]
    },
    {
      "mode": "managed",
      "type": "azurerm_windows_virtual_machine",
      "name": "vm_uat",
      "provider": "provider[\"registry.terraform.io/hashicorp/azurerm\"].UAT",
      "instances": [
        {
          "schema_version": 0,
          "attributes": {
            "additional_capabilities": [],
            "additional_unattend_content": [],
            "admin_password": "Voyage-Cable-Unengaged4",
            "admin_username": "nickroadmin",
            "allow_extension_operations": true,
            "availability_set_id": "",
            "boot_diagnostics": [],
            "bypass_platform_safety_checks_on_user_schedule_enabled": false,
            "capacity_reservation_group_id": "",
            "computer_name": "vm-uat",
            "custom_data": null,
            "dedicated_host_group_id": "",
            "dedicated_host_id": "",
            "edge_zone": "",
            "enable_automatic_updates": true,
            "encryption_at_host_enabled": false,
            "eviction_policy": "",
            "extensions_time_budget": "PT1H30M",
            "gallery_application": [],
            "hotpatching_enabled": false,
            "id": "/subscriptions/7d46ecfe-2287-4bce-98af-2e8fdf0dbaa9/resourceGroups/rg-uat-vms/providers/Microsoft.Compute/virtualMachines/vm-uat",
            "identity": [],
            "license_type": "",
            "location": "eastus",
            "max_bid_price": -1,
            "name": "vm-uat",
            "network_interface_ids": [
              "/subscriptions/7d46ecfe-2287-4bce-98af-2e8fdf0dbaa9/resourceGroups/rg-uat-vms/providers/Microsoft.Network/networkInterfaces/vnic-uat-vm"
            ],
            "os_disk": [
              {
                "caching": "ReadWrite",
                "diff_disk_settings": [],
                "disk_encryption_set_id": "",
                "disk_size_gb": 127,
                "name": "vm-uat_OsDisk_1_598344ecb5de42de9640f6608e687438",
                "secure_vm_disk_encryption_set_id": "",
                "security_encryption_type": "",
                "storage_account_type": "StandardSSD_LRS",
                "write_accelerator_enabled": false
              }
            ],
            "patch_assessment_mode": "ImageDefault",
            "patch_mode": "AutomaticByOS",
            "plan": [],
            "platform_fault_domain": -1,
            "priority": "Regular",
            "private_ip_address": "172.19.1.4",
            "private_ip_addresses": [
              "172.19.1.4"
            ],
            "provision_vm_agent": true,
            "proximity_placement_group_id": "",
            "public_ip_address": "",
            "public_ip_addresses": [],
            "reboot_setting": "",
            "resource_group_name": "rg-uat-vms",
            "secret": [],
            "secure_boot_enabled": false,
            "size": "Standard_D2s_v3",
            "source_image_id": "",
            "source_image_reference": [
              {
                "offer": "Windows-10",
                "publisher": "MicrosoftWindowsDesktop",
                "sku": "21h1-pro",
                "version": "latest"
              }
            ],
            "tags": {},
            "termination_notification": [],
            "timeouts": null,
            "timezone": "",
            "user_data": "",
            "virtual_machine_id": "c8fdcf33-3d11-418c-bc33-0c1b0e296d38",
            "virtual_machine_scale_set_id": "",
            "vtpm_enabled": false,
            "winrm_listener": [],
            "zone": ""
          },
          "sensitive_attributes": [],
          "private": "eyJlMmJmYjczMC1lY2FhLTExZTYtOGY4OC0zNDM2M2JjN2M0YzAiOnsiY3JlYXRlIjoyNzAwMDAwMDAwMDAwLCJkZWxldGUiOjI3MDAwMDAwMDAwMDAsInJlYWQiOjMwMDAwMDAwMDAwMCwidXBkYXRlIjoyNzAwMDAwMDAwMDAwfX0=",
          "dependencies": [
            "azurerm_network_interface.nic_uat",
            "azurerm_resource_group.rg_uat"
          ]
        }
      ]
    }
  ]
}
