{
  "version": 4,
  "terraform_version": "1.2.6",
  "serial": 90,
  "lineage": "02d6fc11-9619-1daa-e332-d954f7ec5d86",
  "outputs": {},
  "resources": [
    {
      "mode": "managed",
      "type": "azurerm_resource_group",
      "name": "rg-dev",
      "provider": "provider[\"registry.terraform.io/hashicorp/azurerm\"].Dev",
      "instances": [
        {
          "schema_version": 0,
          "attributes": {
            "id": "/subscriptions/960edb14-5680-4e2d-9dd0-d9572040ae41/resourceGroups/rg-dev-network",
            "location": "eastus",
            "managed_by": "",
            "name": "rg-dev-network",
            "tags": {},
            "timeouts": null
          },
          "sensitive_attributes": [],
          "private": "eyJlMmJmYjczMC1lY2FhLTExZTYtOGY4OC0zNDM2M2JjN2M0YzAiOnsiY3JlYXRlIjo1NDAwMDAwMDAwMDAwLCJkZWxldGUiOjU0MDAwMDAwMDAwMDAsInJlYWQiOjMwMDAwMDAwMDAwMCwidXBkYXRlIjo1NDAwMDAwMDAwMDAwfX0="
        }
      ]
    },
    {
      "mode": "managed",
      "type": "azurerm_resource_group",
      "name": "rg-hub",
      "provider": "provider[\"registry.terraform.io/hashicorp/azurerm\"].Prod",
      "instances": [
        {
          "schema_version": 0,
          "attributes": {
            "id": "/subscriptions/6ff1da01-3b3d-4db3-bd6e-b5fc68561c96/resourceGroups/rg-prod-hub-network",
            "location": "eastus",
            "managed_by": "",
            "name": "rg-prod-hub-network",
            "tags": {},
            "timeouts": null
          },
          "sensitive_attributes": [],
          "private": "eyJlMmJmYjczMC1lY2FhLTExZTYtOGY4OC0zNDM2M2JjN2M0YzAiOnsiY3JlYXRlIjo1NDAwMDAwMDAwMDAwLCJkZWxldGUiOjU0MDAwMDAwMDAwMDAsInJlYWQiOjMwMDAwMDAwMDAwMCwidXBkYXRlIjo1NDAwMDAwMDAwMDAwfX0="
        }
      ]
    },
    {
      "mode": "managed",
      "type": "azurerm_resource_group",
      "name": "rg-test",
      "provider": "provider[\"registry.terraform.io/hashicorp/azurerm\"].Test",
      "instances": [
        {
          "schema_version": 0,
          "attributes": {
            "id": "/subscriptions/d5564584-9e08-45cc-a2ff-e951ff6688cc/resourceGroups/rg-test-network",
            "location": "eastus",
            "managed_by": "",
            "name": "rg-test-network",
            "tags": {},
            "timeouts": null
          },
          "sensitive_attributes": [],
          "private": "eyJlMmJmYjczMC1lY2FhLTExZTYtOGY4OC0zNDM2M2JjN2M0YzAiOnsiY3JlYXRlIjo1NDAwMDAwMDAwMDAwLCJkZWxldGUiOjU0MDAwMDAwMDAwMDAsInJlYWQiOjMwMDAwMDAwMDAwMCwidXBkYXRlIjo1NDAwMDAwMDAwMDAwfX0="
        }
      ]
    },
    {
      "mode": "managed",
      "type": "azurerm_resource_group",
      "name": "rg-uat",
      "provider": "provider[\"registry.terraform.io/hashicorp/azurerm\"].UAT",
      "instances": [
        {
          "schema_version": 0,
          "attributes": {
            "id": "/subscriptions/7d46ecfe-2287-4bce-98af-2e8fdf0dbaa9/resourceGroups/rg-uat-network",
            "location": "eastus",
            "managed_by": "",
            "name": "rg-uat-network",
            "tags": {},
            "timeouts": null
          },
          "sensitive_attributes": [],
          "private": "eyJlMmJmYjczMC1lY2FhLTExZTYtOGY4OC0zNDM2M2JjN2M0YzAiOnsiY3JlYXRlIjo1NDAwMDAwMDAwMDAwLCJkZWxldGUiOjU0MDAwMDAwMDAwMDAsInJlYWQiOjMwMDAwMDAwMDAwMCwidXBkYXRlIjo1NDAwMDAwMDAwMDAwfX0="
        }
      ]
    },
    {
      "mode": "managed",
      "type": "azurerm_subnet",
      "name": "subnet-dev",
      "provider": "provider[\"registry.terraform.io/hashicorp/azurerm\"].Dev",
      "instances": [
        {
          "schema_version": 0,
          "attributes": {
            "address_prefixes": [
              "172.17.1.0/24"
            ],
            "delegation": [],
            "enforce_private_link_endpoint_network_policies": false,
            "enforce_private_link_service_network_policies": false,
            "id": "/subscriptions/960edb14-5680-4e2d-9dd0-d9572040ae41/resourceGroups/rg-dev-network/providers/Microsoft.Network/virtualNetworks/vnet-dev-spoke-001/subnets/subnet-dev-001",
            "name": "subnet-dev-001",
            "private_endpoint_network_policies_enabled": true,
            "private_link_service_network_policies_enabled": true,
            "resource_group_name": "rg-dev-network",
            "service_endpoint_policy_ids": [],
            "service_endpoints": [],
            "timeouts": null,
            "virtual_network_name": "vnet-dev-spoke-001"
          },
          "sensitive_attributes": [],
          "private": "eyJlMmJmYjczMC1lY2FhLTExZTYtOGY4OC0zNDM2M2JjN2M0YzAiOnsiY3JlYXRlIjoxODAwMDAwMDAwMDAwLCJkZWxldGUiOjE4MDAwMDAwMDAwMDAsInJlYWQiOjMwMDAwMDAwMDAwMCwidXBkYXRlIjoxODAwMDAwMDAwMDAwfX0=",
          "dependencies": [
            "azurerm_resource_group.rg-dev",
            "azurerm_virtual_network.spoke1"
          ]
        }
      ]
    },
    {
      "mode": "managed",
      "type": "azurerm_subnet",
      "name": "subnet-test",
      "provider": "provider[\"registry.terraform.io/hashicorp/azurerm\"].Test",
      "instances": [
        {
          "schema_version": 0,
          "attributes": {
            "address_prefixes": [
              "172.18.1.0/24"
            ],
            "delegation": [],
            "enforce_private_link_endpoint_network_policies": false,
            "enforce_private_link_service_network_policies": false,
            "id": "/subscriptions/d5564584-9e08-45cc-a2ff-e951ff6688cc/resourceGroups/rg-test-network/providers/Microsoft.Network/virtualNetworks/vnet-test-spoke-001/subnets/subnet-test-001",
            "name": "subnet-test-001",
            "private_endpoint_network_policies_enabled": true,
            "private_link_service_network_policies_enabled": true,
            "resource_group_name": "rg-test-network",
            "service_endpoint_policy_ids": [],
            "service_endpoints": [],
            "timeouts": null,
            "virtual_network_name": "vnet-test-spoke-001"
          },
          "sensitive_attributes": [],
          "private": "eyJlMmJmYjczMC1lY2FhLTExZTYtOGY4OC0zNDM2M2JjN2M0YzAiOnsiY3JlYXRlIjoxODAwMDAwMDAwMDAwLCJkZWxldGUiOjE4MDAwMDAwMDAwMDAsInJlYWQiOjMwMDAwMDAwMDAwMCwidXBkYXRlIjoxODAwMDAwMDAwMDAwfX0=",
          "dependencies": [
            "azurerm_resource_group.rg-test",
            "azurerm_virtual_network.spoke2"
          ]
        }
      ]
    },
    {
      "mode": "managed",
      "type": "azurerm_subnet",
      "name": "subnet-uat",
      "provider": "provider[\"registry.terraform.io/hashicorp/azurerm\"].UAT",
      "instances": [
        {
          "schema_version": 0,
          "attributes": {
            "address_prefixes": [
              "172.19.1.0/24"
            ],
            "delegation": [],
            "enforce_private_link_endpoint_network_policies": false,
            "enforce_private_link_service_network_policies": false,
            "id": "/subscriptions/7d46ecfe-2287-4bce-98af-2e8fdf0dbaa9/resourceGroups/rg-uat-network/providers/Microsoft.Network/virtualNetworks/vnet-uat-spoke-001/subnets/subnet-uat-001",
            "name": "subnet-uat-001",
            "private_endpoint_network_policies_enabled": true,
            "private_link_service_network_policies_enabled": true,
            "resource_group_name": "rg-uat-network",
            "service_endpoint_policy_ids": [],
            "service_endpoints": [],
            "timeouts": null,
            "virtual_network_name": "vnet-uat-spoke-001"
          },
          "sensitive_attributes": [],
          "private": "eyJlMmJmYjczMC1lY2FhLTExZTYtOGY4OC0zNDM2M2JjN2M0YzAiOnsiY3JlYXRlIjoxODAwMDAwMDAwMDAwLCJkZWxldGUiOjE4MDAwMDAwMDAwMDAsInJlYWQiOjMwMDAwMDAwMDAwMCwidXBkYXRlIjoxODAwMDAwMDAwMDAwfX0=",
          "dependencies": [
            "azurerm_resource_group.rg-uat",
            "azurerm_virtual_network.spoke3"
          ]
        }
      ]
    },
    {
      "mode": "managed",
      "type": "azurerm_subnet",
      "name": "subnethub",
      "provider": "provider[\"registry.terraform.io/hashicorp/azurerm\"].Prod",
      "instances": [
        {
          "schema_version": 0,
          "attributes": {
            "address_prefixes": [
              "172.16.1.0/24"
            ],
            "delegation": [],
            "enforce_private_link_endpoint_network_policies": false,
            "enforce_private_link_service_network_policies": false,
            "id": "/subscriptions/6ff1da01-3b3d-4db3-bd6e-b5fc68561c96/resourceGroups/rg-prod-hub-network/providers/Microsoft.Network/virtualNetworks/vnet-hub/subnets/subnet-hub",
            "name": "subnet-hub",
            "private_endpoint_network_policies_enabled": true,
            "private_link_service_network_policies_enabled": true,
            "resource_group_name": "rg-prod-hub-network",
            "service_endpoint_policy_ids": [],
            "service_endpoints": [],
            "timeouts": null,
            "virtual_network_name": "vnet-hub"
          },
          "sensitive_attributes": [],
          "private": "eyJlMmJmYjczMC1lY2FhLTExZTYtOGY4OC0zNDM2M2JjN2M0YzAiOnsiY3JlYXRlIjoxODAwMDAwMDAwMDAwLCJkZWxldGUiOjE4MDAwMDAwMDAwMDAsInJlYWQiOjMwMDAwMDAwMDAwMCwidXBkYXRlIjoxODAwMDAwMDAwMDAwfX0=",
          "dependencies": [
            "azurerm_resource_group.rg-hub",
            "azurerm_virtual_network.vnet-hub"
          ]
        }
      ]
    },
    {
      "mode": "managed",
      "type": "azurerm_virtual_network",
      "name": "spoke1",
      "provider": "provider[\"registry.terraform.io/hashicorp/azurerm\"].Dev",
      "instances": [
        {
          "schema_version": 0,
          "attributes": {
            "address_space": [
              "172.17.0.0/20"
            ],
            "bgp_community": "",
            "ddos_protection_plan": [],
            "dns_servers": [],
            "edge_zone": "",
            "encryption": [],
            "flow_timeout_in_minutes": 0,
            "guid": "53af100b-4317-4c49-8f03-304817397094",
            "id": "/subscriptions/960edb14-5680-4e2d-9dd0-d9572040ae41/resourceGroups/rg-dev-network/providers/Microsoft.Network/virtualNetworks/vnet-dev-spoke-001",
            "location": "eastus",
            "name": "vnet-dev-spoke-001",
            "resource_group_name": "rg-dev-network",
            "subnet": [
              {
                "address_prefix": "172.17.1.0/24",
                "id": "/subscriptions/960edb14-5680-4e2d-9dd0-d9572040ae41/resourceGroups/rg-dev-network/providers/Microsoft.Network/virtualNetworks/vnet-dev-spoke-001/subnets/subnet-dev-001",
                "name": "subnet-dev-001",
                "security_group": ""
              }
            ],
            "tags": {
              "Env": "Dev"
            },
            "timeouts": null
          },
          "sensitive_attributes": [],
          "private": "eyJlMmJmYjczMC1lY2FhLTExZTYtOGY4OC0zNDM2M2JjN2M0YzAiOnsiY3JlYXRlIjoxODAwMDAwMDAwMDAwLCJkZWxldGUiOjE4MDAwMDAwMDAwMDAsInJlYWQiOjMwMDAwMDAwMDAwMCwidXBkYXRlIjoxODAwMDAwMDAwMDAwfX0=",
          "dependencies": [
            "azurerm_resource_group.rg-dev"
          ]
        }
      ]
    },
    {
      "mode": "managed",
      "type": "azurerm_virtual_network",
      "name": "spoke2",
      "provider": "provider[\"registry.terraform.io/hashicorp/azurerm\"].Test",
      "instances": [
        {
          "schema_version": 0,
          "attributes": {
            "address_space": [
              "172.18.0.0/20"
            ],
            "bgp_community": "",
            "ddos_protection_plan": [],
            "dns_servers": [],
            "edge_zone": "",
            "encryption": [],
            "flow_timeout_in_minutes": 0,
            "guid": "0661ef01-5578-44e6-ac04-e9570b6fd65c",
            "id": "/subscriptions/d5564584-9e08-45cc-a2ff-e951ff6688cc/resourceGroups/rg-test-network/providers/Microsoft.Network/virtualNetworks/vnet-test-spoke-001",
            "location": "eastus",
            "name": "vnet-test-spoke-001",
            "resource_group_name": "rg-test-network",
            "subnet": [
              {
                "address_prefix": "172.18.1.0/24",
                "id": "/subscriptions/d5564584-9e08-45cc-a2ff-e951ff6688cc/resourceGroups/rg-test-network/providers/Microsoft.Network/virtualNetworks/vnet-test-spoke-001/subnets/subnet-test-001",
                "name": "subnet-test-001",
                "security_group": ""
              }
            ],
            "tags": {},
            "timeouts": null
          },
          "sensitive_attributes": [],
          "private": "eyJlMmJmYjczMC1lY2FhLTExZTYtOGY4OC0zNDM2M2JjN2M0YzAiOnsiY3JlYXRlIjoxODAwMDAwMDAwMDAwLCJkZWxldGUiOjE4MDAwMDAwMDAwMDAsInJlYWQiOjMwMDAwMDAwMDAwMCwidXBkYXRlIjoxODAwMDAwMDAwMDAwfX0=",
          "dependencies": [
            "azurerm_resource_group.rg-test"
          ]
        }
      ]
    },
    {
      "mode": "managed",
      "type": "azurerm_virtual_network",
      "name": "spoke3",
      "provider": "provider[\"registry.terraform.io/hashicorp/azurerm\"].UAT",
      "instances": [
        {
          "schema_version": 0,
          "attributes": {
            "address_space": [
              "172.19.0.0/20"
            ],
            "bgp_community": "",
            "ddos_protection_plan": [],
            "dns_servers": [],
            "edge_zone": "",
            "encryption": [],
            "flow_timeout_in_minutes": 0,
            "guid": "01f50b99-0cf7-4e48-b387-a10df61a7704",
            "id": "/subscriptions/7d46ecfe-2287-4bce-98af-2e8fdf0dbaa9/resourceGroups/rg-uat-network/providers/Microsoft.Network/virtualNetworks/vnet-uat-spoke-001",
            "location": "eastus",
            "name": "vnet-uat-spoke-001",
            "resource_group_name": "rg-uat-network",
            "subnet": [
              {
                "address_prefix": "172.19.1.0/24",
                "id": "/subscriptions/7d46ecfe-2287-4bce-98af-2e8fdf0dbaa9/resourceGroups/rg-uat-network/providers/Microsoft.Network/virtualNetworks/vnet-uat-spoke-001/subnets/subnet-uat-001",
                "name": "subnet-uat-001",
                "security_group": ""
              }
            ],
            "tags": {},
            "timeouts": null
          },
          "sensitive_attributes": [],
          "private": "eyJlMmJmYjczMC1lY2FhLTExZTYtOGY4OC0zNDM2M2JjN2M0YzAiOnsiY3JlYXRlIjoxODAwMDAwMDAwMDAwLCJkZWxldGUiOjE4MDAwMDAwMDAwMDAsInJlYWQiOjMwMDAwMDAwMDAwMCwidXBkYXRlIjoxODAwMDAwMDAwMDAwfX0=",
          "dependencies": [
            "azurerm_resource_group.rg-uat"
          ]
        }
      ]
    },
    {
      "mode": "managed",
      "type": "azurerm_virtual_network",
      "name": "vnet-hub",
      "provider": "provider[\"registry.terraform.io/hashicorp/azurerm\"].Prod",
      "instances": [
        {
          "schema_version": 0,
          "attributes": {
            "address_space": [
              "172.16.0.0/20"
            ],
            "bgp_community": "",
            "ddos_protection_plan": [],
            "dns_servers": [],
            "edge_zone": "",
            "encryption": [],
            "flow_timeout_in_minutes": 0,
            "guid": "c0633b63-f144-489d-ba04-475bef9edc41",
            "id": "/subscriptions/6ff1da01-3b3d-4db3-bd6e-b5fc68561c96/resourceGroups/rg-prod-hub-network/providers/Microsoft.Network/virtualNetworks/vnet-hub",
            "location": "eastus",
            "name": "vnet-hub",
            "resource_group_name": "rg-prod-hub-network",
            "subnet": [
              {
                "address_prefix": "172.16.1.0/24",
                "id": "/subscriptions/6ff1da01-3b3d-4db3-bd6e-b5fc68561c96/resourceGroups/rg-prod-hub-network/providers/Microsoft.Network/virtualNetworks/vnet-hub/subnets/subnet-hub",
                "name": "subnet-hub",
                "security_group": ""
              },
              {
                "address_prefix": "172.16.2.0/24",
                "id": "/subscriptions/6ff1da01-3b3d-4db3-bd6e-b5fc68561c96/resourceGroups/rg-prod-hub-network/providers/Microsoft.Network/virtualNetworks/vnet-hub/subnets/GatewaySubnet",
                "name": "GatewaySubnet",
                "security_group": ""
              }
            ],
            "tags": {},
            "timeouts": null
          },
          "sensitive_attributes": [],
          "private": "eyJlMmJmYjczMC1lY2FhLTExZTYtOGY4OC0zNDM2M2JjN2M0YzAiOnsiY3JlYXRlIjoxODAwMDAwMDAwMDAwLCJkZWxldGUiOjE4MDAwMDAwMDAwMDAsInJlYWQiOjMwMDAwMDAwMDAwMCwidXBkYXRlIjoxODAwMDAwMDAwMDAwfX0=",
          "dependencies": [
            "azurerm_resource_group.rg-hub"
          ]
        }
      ]
    }
  ]
}
